
Microsoft Visual Studio Solution File, Format Version 12.00
Project("{FAE04EC0-301F-11D3-BF4B-00C04F79EFBC}") = "Engine.Core", "Engine.Core\Engine.Core.csproj", "{ABC0DD6C-188C-434A-A322-1146101CAB11}"
EndProject
Project("{FAE04EC0-301F-11D3-BF4B-00C04F79EFBC}") = "Engine.Desktop", "Engine.Desktop\Engine.Desktop.csproj", "{1D0A2A5B-E70E-4B48-B424-B8218D7D7611}"
EndProject
Project("{FAE04EC0-301F-11D3-BF4B-00C04F79EFBC}") = "Engine.Systems", "Engine.Systems\Engine.Systems.csproj", "{69C8A0FB-B21E-4341-A178-081B5B273407}"
EndProject
Global
	GlobalSection(SolutionConfigurationPlatforms) = preSolution
		Debug|Any CPU = Debug|Any CPU
		Release|Any CPU = Release|Any CPU
	EndGlobalSection
	GlobalSection(ProjectConfigurationPlatforms) = postSolution
		{ABC0DD6C-188C-434A-A322-1146101CAB11}.Debug|Any CPU.ActiveCfg = Debug|Any CPU
		{ABC0DD6C-188C-434A-A322-1146101CAB11}.Debug|Any CPU.Build.0 = Debug|Any CPU
		{ABC0DD6C-188C-434A-A322-1146101CAB11}.Release|Any CPU.ActiveCfg = Release|Any CPU
		{ABC0DD6C-188C-434A-A322-1146101CAB11}.Release|Any CPU.Build.0 = Release|Any CPU
		{1D0A2A5B-E70E-4B48-B424-B8218D7D7611}.Debug|Any CPU.ActiveCfg = Debug|Any CPU
		{1D0A2A5B-E70E-4B48-B424-B8218D7D7611}.Debug|Any CPU.Build.0 = Debug|Any CPU
		{1D0A2A5B-E70E-4B48-B424-B8218D7D7611}.Release|Any CPU.ActiveCfg = Release|Any CPU
		{1D0A2A5B-E70E-4B48-B424-B8218D7D7611}.Release|Any CPU.Build.0 = Release|Any CPU
		{69C8A0FB-B21E-4341-A178-081B5B273407}.Debug|Any CPU.ActiveCfg = Debug|Any CPU
		{69C8A0FB-B21E-4341-A178-081B5B273407}.Debug|Any CPU.Build.0 = Debug|Any CPU
		{69C8A0FB-B21E-4341-A178-081B5B273407}.Release|Any CPU.ActiveCfg = Release|Any CPU
		{69C8A0FB-B21E-4341-A178-081B5B273407}.Release|Any CPU.Build.0 = Release|Any CPU
	EndGlobalSection
EndGlobal
